// !$*UTF8*$!
{
	archiveVersion = 1;
	classes = {
	};
	objectVersion = 56;
	objects = {

/* Begin PBXBuildFile section */
		F10000010000000100000001 /* SceneFixerApp.swift in Sources */ = {isa = PBXBuildFile; fileRef = F10000020000000100000002 /* SceneFixerApp.swift */; };
		F10000030000000100000003 /* ContentView.swift in Sources */ = {isa = PBXBuildFile; fileRef = F10000040000000100000004 /* ContentView.swift */; };
		F10000050000000100000005 /* Assets.xcassets in Resources */ = {isa = PBXBuildFile; fileRef = F10000060000000100000006 /* Assets.xcassets */; };
		F10000070000000100000007 /* DeviceModels.swift in Sources */ = {isa = PBXBuildFile; fileRef = F10000080000000100000008 /* DeviceModels.swift */; };
		F10000090000000100000009 /* SceneModels.swift in Sources */ = {isa = PBXBuildFile; fileRef = F1000010000000010000000A /* SceneModels.swift */; };
		F1000011000000010000000B /* HomeKitManager.swift in Sources */ = {isa = PBXBuildFile; fileRef = F1000012000000010000000C /* HomeKitManager.swift */; };
		F1000013000000010000000D /* DeviceTester.swift in Sources */ = {isa = PBXBuildFile; fileRef = F1000014000000010000000E /* DeviceTester.swift */; };
		F1000015000000010000000F /* SceneAnalyzer.swift in Sources */ = {isa = PBXBuildFile; fileRef = F10000160000000100000010 /* SceneAnalyzer.swift */; };
		F10000170000000100000011 /* AIAssistant.swift in Sources */ = {isa = PBXBuildFile; fileRef = F10000180000000100000012 /* AIAssistant.swift */; };
		F1000023000000010000001D /* DashboardView.swift in Sources */ = {isa = PBXBuildFile; fileRef = F1000024000000010000001E /* DashboardView.swift */; };
		F1000025000000010000001F /* AIAssistantView.swift in Sources */ = {isa = PBXBuildFile; fileRef = F10000260000000100000020 /* AIAssistantView.swift */; };
		F10000270000000100000021 /* DeviceListView.swift in Sources */ = {isa = PBXBuildFile; fileRef = F10000280000000100000022 /* DeviceListView.swift */; };
		F1000033000000010000002D /* SceneListView.swift in Sources */ = {isa = PBXBuildFile; fileRef = F1000034000000010000002E /* SceneListView.swift */; };
		F10000370000000100000037 /* SettingsView.swift in Sources */ = {isa = PBXBuildFile; fileRef = F10000380000000100000038 /* SettingsView.swift */; };
/* End PBXBuildFile section */

/* Begin PBXFileReference section */
		F10000500000000100000050 /* SceneFixer.app */ = {isa = PBXFileReference; explicitFileType = wrapper.application; includeInIndex = 0; path = SceneFixer.app; sourceTree = BUILT_PRODUCTS_DIR; };
		F10000020000000100000002 /* SceneFixerApp.swift */ = {isa = PBXFileReference; lastKnownFileType = sourcecode.swift; path = SceneFixerApp.swift; sourceTree = "<group>"; };
		F10000040000000100000004 /* ContentView.swift */ = {isa = PBXFileReference; lastKnownFileType = sourcecode.swift; path = ContentView.swift; sourceTree = "<group>"; };
		F10000060000000100000006 /* Assets.xcassets */ = {isa = PBXFileReference; lastKnownFileType = folder.assetcatalog; path = Assets.xcassets; sourceTree = "<group>"; };
		F10000080000000100000008 /* DeviceModels.swift */ = {isa = PBXFileReference; lastKnownFileType = sourcecode.swift; path = DeviceModels.swift; sourceTree = "<group>"; };
		F1000010000000010000000A /* SceneModels.swift */ = {isa = PBXFileReference; lastKnownFileType = sourcecode.swift; path = SceneModels.swift; sourceTree = "<group>"; };
		F1000012000000010000000C /* HomeKitManager.swift */ = {isa = PBXFileReference; lastKnownFileType = sourcecode.swift; path = HomeKitManager.swift; sourceTree = "<group>"; };
		F1000014000000010000000E /* DeviceTester.swift */ = {isa = PBXFileReference; lastKnownFileType = sourcecode.swift; path = DeviceTester.swift; sourceTree = "<group>"; };
		F10000160000000100000010 /* SceneAnalyzer.swift */ = {isa = PBXFileReference; lastKnownFileType = sourcecode.swift; path = SceneAnalyzer.swift; sourceTree = "<group>"; };
		F10000180000000100000012 /* AIAssistant.swift */ = {isa = PBXFileReference; lastKnownFileType = sourcecode.swift; path = AIAssistant.swift; sourceTree = "<group>"; };
		F1000024000000010000001E /* DashboardView.swift */ = {isa = PBXFileReference; lastKnownFileType = sourcecode.swift; path = DashboardView.swift; sourceTree = "<group>"; };
		F10000260000000100000020 /* AIAssistantView.swift */ = {isa = PBXFileReference; lastKnownFileType = sourcecode.swift; path = AIAssistantView.swift; sourceTree = "<group>"; };
		F10000280000000100000022 /* DeviceListView.swift */ = {isa = PBXFileReference; lastKnownFileType = sourcecode.swift; path = DeviceListView.swift; sourceTree = "<group>"; };
		F1000034000000010000002E /* SceneListView.swift */ = {isa = PBXFileReference; lastKnownFileType = sourcecode.swift; path = SceneListView.swift; sourceTree = "<group>"; };
		F10000380000000100000038 /* SettingsView.swift */ = {isa = PBXFileReference; lastKnownFileType = sourcecode.swift; path = SettingsView.swift; sourceTree = "<group>"; };
		F10000600000000100000060 /* SceneFixer.entitlements */ = {isa = PBXFileReference; lastKnownFileType = text.plist.entitlements; path = SceneFixer.entitlements; sourceTree = "<group>"; };
		F10000700000000100000070 /* Info.plist */ = {isa = PBXFileReference; lastKnownFileType = text.plist.xml; path = Info.plist; sourceTree = "<group>"; };
/* End PBXFileReference section */

/* Begin PBXFrameworksBuildPhase section */
		F1000070000000010000007A /* Frameworks */ = {
			isa = PBXFrameworksBuildPhase;
			buildActionMask = 2147483647;
			files = (
			);
			runOnlyForDeploymentPostprocessing = 0;
		};
/* End PBXFrameworksBuildPhase section */

/* Begin PBXGroup section */
		F10000800000000100000080 = {
			isa = PBXGroup;
			children = (
				F10000810000000100000081 /* SceneFixer */,
				F10000820000000100000082 /* Products */,
			);
			sourceTree = "<group>";
		};
		F10000810000000100000081 /* SceneFixer */ = {
			isa = PBXGroup;
			children = (
				F10000020000000100000002 /* SceneFixerApp.swift */,
				F10000830000000100000083 /* Models */,
				F10000840000000100000084 /* Services */,
				F10000850000000100000085 /* Views */,
				F10000060000000100000006 /* Assets.xcassets */,
				F10000600000000100000060 /* SceneFixer.entitlements */,
				F10000700000000100000070 /* Info.plist */,
			);
			path = SceneFixer;
			sourceTree = "<group>";
		};
		F10000820000000100000082 /* Products */ = {
			isa = PBXGroup;
			children = (
				F10000500000000100000050 /* SceneFixer.app */,
			);
			name = Products;
			sourceTree = "<group>";
		};
		F10000830000000100000083 /* Models */ = {
			isa = PBXGroup;
			children = (
				F10000080000000100000008 /* DeviceModels.swift */,
				F1000010000000010000000A /* SceneModels.swift */,
			);
			path = Models;
			sourceTree = "<group>";
		};
		F10000840000000100000084 /* Services */ = {
			isa = PBXGroup;
			children = (
				F1000012000000010000000C /* HomeKitManager.swift */,
				F1000014000000010000000E /* DeviceTester.swift */,
				F10000160000000100000010 /* SceneAnalyzer.swift */,
				F10000180000000100000012 /* AIAssistant.swift */,
			);
			path = Services;
			sourceTree = "<group>";
		};
		F10000850000000100000085 /* Views */ = {
			isa = PBXGroup;
			children = (
				F10000040000000100000004 /* ContentView.swift */,
				F1000024000000010000001E /* DashboardView.swift */,
				F10000260000000100000020 /* AIAssistantView.swift */,
				F10000280000000100000022 /* DeviceListView.swift */,
				F1000034000000010000002E /* SceneListView.swift */,
				F10000380000000100000038 /* SettingsView.swift */,
			);
			path = Views;
			sourceTree = "<group>";
		};
/* End PBXGroup section */

/* Begin PBXNativeTarget section */
		F10000900000000100000090 /* SceneFixer */ = {
			isa = PBXNativeTarget;
			buildConfigurationList = F10000910000000100000091 /* Build configuration list for PBXNativeTarget "SceneFixer" */;
			buildPhases = (
				F10000920000000100000092 /* Sources */,
				F1000070000000010000007A /* Frameworks */,
				F10000930000000100000093 /* Resources */,
			);
			buildRules = (
			);
			dependencies = (
			);
			name = SceneFixer;
			productName = SceneFixer;
			productReference = F10000500000000100000050 /* SceneFixer.app */;
			productType = "com.apple.product-type.application";
		};
/* End PBXNativeTarget section */

/* Begin PBXProject section */
		F10000A00000000100000A00 /* Project object */ = {
			isa = PBXProject;
			attributes = {
				BuildIndependentTargetsInParallel = 1;
				LastSwiftUpdateCheck = 1540;
				LastUpgradeCheck = 1540;
				TargetAttributes = {
					F10000900000000100000090 = {
						CreatedOnToolsVersion = 15.4;
					};
				};
			};
			buildConfigurationList = F10000A10000000100000A01 /* Build configuration list for PBXProject "SceneFixer" */;
			compatibilityVersion = "Xcode 14.0";
			developmentRegion = en;
			hasScannedForEncodings = 0;
			knownRegions = (
				en,
				Base,
			);
			mainGroup = F10000800000000100000080;
			productRefGroup = F10000820000000100000082 /* Products */;
			projectDirPath = "";
			projectRoot = "";
			targets = (
				F10000900000000100000090 /* SceneFixer */,
			);
		};
/* End PBXProject section */

/* Begin PBXResourcesBuildPhase section */
		F10000930000000100000093 /* Resources */ = {
			isa = PBXResourcesBuildPhase;
			buildActionMask = 2147483647;
			files = (
				F10000050000000100000005 /* Assets.xcassets in Resources */,
			);
			runOnlyForDeploymentPostprocessing = 0;
		};
/* End PBXResourcesBuildPhase section */

/* Begin PBXSourcesBuildPhase section */
		F10000920000000100000092 /* Sources */ = {
			isa = PBXSourcesBuildPhase;
			buildActionMask = 2147483647;
			files = (
				F10000010000000100000001 /* SceneFixerApp.swift in Sources */,
				F10000030000000100000003 /* ContentView.swift in Sources */,
				F10000070000000100000007 /* DeviceModels.swift in Sources */,
				F10000090000000100000009 /* SceneModels.swift in Sources */,
				F1000011000000010000000B /* HomeKitManager.swift in Sources */,
				F1000013000000010000000D /* DeviceTester.swift in Sources */,
				F1000015000000010000000F /* SceneAnalyzer.swift in Sources */,
				F10000170000000100000011 /* AIAssistant.swift in Sources */,
				F1000023000000010000001D /* DashboardView.swift in Sources */,
				F1000025000000010000001F /* AIAssistantView.swift in Sources */,
				F10000270000000100000021 /* DeviceListView.swift in Sources */,
				F1000033000000010000002D /* SceneListView.swift in Sources */,
				F10000370000000100000037 /* SettingsView.swift in Sources */,
			);
			runOnlyForDeploymentPostprocessing = 0;
		};
/* End PBXSourcesBuildPhase section */

/* Begin XCBuildConfiguration section */
		F10000B00000000100000B00 /* Debug */ = {
			isa = XCBuildConfiguration;
			buildSettings = {
				ALWAYS_SEARCH_USER_PATHS = NO;
				ASSETCATALOG_COMPILER_GENERATE_SWIFT_ASSET_SYMBOL_EXTENSIONS = YES;
				CLANG_ANALYZER_NONNULL = YES;
				CLANG_ANALYZER_NUMBER_OBJECT_CONVERSION = YES_AGGRESSIVE;
				CLANG_CXX_LANGUAGE_STANDARD = "gnu++20";
				CLANG_ENABLE_MODULES = YES;
				CLANG_ENABLE_OBJC_ARC = YES;
				CLANG_ENABLE_OBJC_WEAK = YES;
				CLANG_WARN_BLOCK_CAPTURE_AUTORELEASING = YES;
				CLANG_WARN_BOOL_CONVERSION = YES;
				CLANG_WARN_COMMA = YES;
				CLANG_WARN_CONSTANT_CONVERSION = YES;
				CLANG_WARN_DEPRECATED_OBJC_IMPLEMENTATIONS = YES;
				CLANG_WARN_DIRECT_OBJC_ISA_USAGE = YES_ERROR;
				CLANG_WARN_DOCUMENTATION_COMMENTS = YES;
				CLANG_WARN_EMPTY_BODY = YES;
				CLANG_WARN_ENUM_CONVERSION = YES;
				CLANG_WARN_INFINITE_RECURSION = YES;
				CLANG_WARN_INT_CONVERSION = YES;
				CLANG_WARN_NON_LITERAL_NULL_CONVERSION = YES;
				CLANG_WARN_OBJC_IMPLICIT_RETAIN_SELF = YES;
				CLANG_WARN_OBJC_LITERAL_CONVERSION = YES;
				CLANG_WARN_OBJC_ROOT_CLASS = YES_ERROR;
				CLANG_WARN_QUOTED_INCLUDE_IN_FRAMEWORK_HEADER = YES;
				CLANG_WARN_RANGE_LOOP_ANALYSIS = YES;
				CLANG_WARN_STRICT_PROTOTYPES = YES;
				CLANG_WARN_SUSPICIOUS_MOVE = YES;
				CLANG_WARN_UNGUARDED_AVAILABILITY = YES_AGGRESSIVE;
				CLANG_WARN_UNREACHABLE_CODE = YES;
				CLANG_WARN__DUPLICATE_METHOD_MATCH = YES;
				COPY_PHASE_STRIP = NO;
				DEBUG_INFORMATION_FORMAT = dwarf;
				ENABLE_STRICT_OBJC_MSGSEND = YES;
				ENABLE_TESTABILITY = YES;
				ENABLE_USER_SCRIPT_SANDBOXING = YES;
				GCC_C_LANGUAGE_STANDARD = gnu17;
				GCC_DYNAMIC_NO_PIC = NO;
				GCC_NO_COMMON_BLOCKS = YES;
				GCC_OPTIMIZATION_LEVEL = 0;
				GCC_PREPROCESSOR_DEFINITIONS = (
					"DEBUG=1",
					"$(inherited)",
				);
				GCC_WARN_64_TO_32_BIT_CONVERSION = YES;
				GCC_WARN_ABOUT_RETURN_TYPE = YES_ERROR;
				GCC_WARN_UNDECLARED_SELECTOR = YES;
				GCC_WARN_UNINITIALIZED_AUTOS = YES_AGGRESSIVE;
				GCC_WARN_UNUSED_FUNCTION = YES;
				GCC_WARN_UNUSED_VARIABLE = YES;
				IPHONEOS_DEPLOYMENT_TARGET = 17.0;
				LOCALIZATION_PREFERS_STRING_CATALOGS = YES;
				MTL_ENABLE_DEBUG_INFO = INCLUDE_SOURCE;
				MTL_FAST_MATH = YES;
				ONLY_ACTIVE_ARCH = YES;
				SDKROOT = iphoneos;
				SWIFT_ACTIVE_COMPILATION_CONDITIONS = "DEBUG $(inherited)";
				SWIFT_OPTIMIZATION_LEVEL = "-Onone";
			};
			name = Debug;
		};
		F10000B10000000100000B01 /* Release */ = {
			isa = XCBuildConfiguration;
			buildSettings = {
				ALWAYS_SEARCH_USER_PATHS = NO;
				ASSETCATALOG_COMPILER_GENERATE_SWIFT_ASSET_SYMBOL_EXTENSIONS = YES;
				CLANG_ANALYZER_NONNULL = YES;
				CLANG_ANALYZER_NUMBER_OBJECT_CONVERSION = YES_AGGRESSIVE;
				CLANG_CXX_LANGUAGE_STANDARD = "gnu++20";
				CLANG_ENABLE_MODULES = YES;
				CLANG_ENABLE_OBJC_ARC = YES;
				CLANG_ENABLE_OBJC_WEAK = YES;
				CLANG_WARN_BLOCK_CAPTURE_AUTORELEASING = YES;
				CLANG_WARN_BOOL_CONVERSION = YES;
				CLANG_WARN_COMMA = YES;
				CLANG_WARN_CONSTANT_CONVERSION = YES;
				CLANG_WARN_DEPRECATED_OBJC_IMPLEMENTATIONS = YES;
				CLANG_WARN_DIRECT_OBJC_ISA_USAGE = YES_ERROR;
				CLANG_WARN_DOCUMENTATION_COMMENTS = YES;
				CLANG_WARN_EMPTY_BODY = YES;
				CLANG_WARN_ENUM_CONVERSION = YES;
				CLANG_WARN_INFINITE_RECURSION = YES;
				CLANG_WARN_INT_CONVERSION = YES;
				CLANG_WARN_NON_LITERAL_NULL_CONVERSION = YES;
				CLANG_WARN_OBJC_IMPLICIT_RETAIN_SELF = YES;
				CLANG_WARN_OBJC_LITERAL_CONVERSION = YES;
				CLANG_WARN_OBJC_ROOT_CLASS = YES_ERROR;
				CLANG_WARN_QUOTED_INCLUDE_IN_FRAMEWORK_HEADER = YES;
				CLANG_WARN_RANGE_LOOP_ANALYSIS = YES;
				CLANG_WARN_STRICT_PROTOTYPES = YES;
				CLANG_WARN_SUSPICIOUS_MOVE = YES;
				CLANG_WARN_UNGUARDED_AVAILABILITY = YES_AGGRESSIVE;
				CLANG_WARN_UNREACHABLE_CODE = YES;
				CLANG_WARN__DUPLICATE_METHOD_MATCH = YES;
				COPY_PHASE_STRIP = NO;
				DEBUG_INFORMATION_FORMAT = "dwarf-with-dsym";
				ENABLE_NS_ASSERTIONS = NO;
				ENABLE_STRICT_OBJC_MSGSEND = YES;
				ENABLE_USER_SCRIPT_SANDBOXING = YES;
				GCC_C_LANGUAGE_STANDARD = gnu17;
				GCC_NO_COMMON_BLOCKS = YES;
				GCC_WARN_64_TO_32_BIT_CONVERSION = YES;
				GCC_WARN_ABOUT_RETURN_TYPE = YES_ERROR;
				GCC_WARN_UNDECLARED_SELECTOR = YES;
				GCC_WARN_UNINITIALIZED_AUTOS = YES_AGGRESSIVE;
				GCC_WARN_UNUSED_FUNCTION = YES;
				GCC_WARN_UNUSED_VARIABLE = YES;
				IPHONEOS_DEPLOYMENT_TARGET = 17.0;
				LOCALIZATION_PREFERS_STRING_CATALOGS = YES;
				MTL_ENABLE_DEBUG_INFO = NO;
				MTL_FAST_MATH = YES;
				SDKROOT = iphoneos;
				SWIFT_COMPILATION_MODE = wholemodule;
				VALIDATE_PRODUCT = YES;
			};
			name = Release;
		};
		F10000B20000000100000B02 /* Debug */ = {
			isa = XCBuildConfiguration;
			buildSettings = {
				ASSETCATALOG_COMPILER_APPICON_NAME = AppIcon;
				ASSETCATALOG_COMPILER_GLOBAL_ACCENT_COLOR_NAME = AccentColor;
				CODE_SIGN_ENTITLEMENTS = SceneFixer/SceneFixer.entitlements;
				CODE_SIGN_STYLE = Automatic;
				CURRENT_PROJECT_VERSION = 1;
				DEVELOPMENT_TEAM = QRRCB8HB3W;
				GENERATE_INFOPLIST_FILE = YES;
				INFOPLIST_FILE = SceneFixer/Info.plist;
				INFOPLIST_KEY_CFBundleDisplayName = SceneFixer;
				INFOPLIST_KEY_LSApplicationCategoryType = "public.app-category.utilities";
				INFOPLIST_KEY_NSHumanReadableCopyright = "Copyright © 2026 Jordan Koch. All rights reserved.";
				INFOPLIST_KEY_UIApplicationSceneManifest_Generation = YES;
				INFOPLIST_KEY_UIApplicationSupportsIndirectInputEvents = YES;
				INFOPLIST_KEY_UILaunchScreen_Generation = YES;
				INFOPLIST_KEY_UISupportedInterfaceOrientations_iPad = "UIInterfaceOrientationPortrait UIInterfaceOrientationPortraitUpsideDown UIInterfaceOrientationLandscapeLeft UIInterfaceOrientationLandscapeRight";
				INFOPLIST_KEY_UISupportedInterfaceOrientations_iPhone = "UIInterfaceOrientationPortrait UIInterfaceOrientationLandscapeLeft UIInterfaceOrientationLandscapeRight";
				LD_RUNPATH_SEARCH_PATHS = (
					"$(inherited)",
					"@executable_path/Frameworks",
				);
				MARKETING_VERSION = 1.0.0;
				PRODUCT_BUNDLE_IDENTIFIER = com.jordankoch.SceneFixer;
				PRODUCT_NAME = "$(TARGET_NAME)";
				SUPPORTED_PLATFORMS = "iphoneos iphonesimulator";
				SUPPORTS_MACCATALYST = NO;
				SWIFT_EMIT_LOC_STRINGS = YES;
				SWIFT_VERSION = 5.0;
				TARGETED_DEVICE_FAMILY = "1,2";
			};
			name = Debug;
		};
		F10000B30000000100000B03 /* Release */ = {
			isa = XCBuildConfiguration;
			buildSettings = {
				ASSETCATALOG_COMPILER_APPICON_NAME = AppIcon;
				ASSETCATALOG_COMPILER_GLOBAL_ACCENT_COLOR_NAME = AccentColor;
				CODE_SIGN_ENTITLEMENTS = SceneFixer/SceneFixer.entitlements;
				CODE_SIGN_STYLE = Automatic;
				CURRENT_PROJECT_VERSION = 1;
				DEVELOPMENT_TEAM = QRRCB8HB3W;
				GENERATE_INFOPLIST_FILE = YES;
				INFOPLIST_FILE = SceneFixer/Info.plist;
				INFOPLIST_KEY_CFBundleDisplayName = SceneFixer;
				INFOPLIST_KEY_LSApplicationCategoryType = "public.app-category.utilities";
				INFOPLIST_KEY_NSHumanReadableCopyright = "Copyright © 2026 Jordan Koch. All rights reserved.";
				INFOPLIST_KEY_UIApplicationSceneManifest_Generation = YES;
				INFOPLIST_KEY_UIApplicationSupportsIndirectInputEvents = YES;
				INFOPLIST_KEY_UILaunchScreen_Generation = YES;
				INFOPLIST_KEY_UISupportedInterfaceOrientations_iPad = "UIInterfaceOrientationPortrait UIInterfaceOrientationPortraitUpsideDown UIInterfaceOrientationLandscapeLeft UIInterfaceOrientationLandscapeRight";
				INFOPLIST_KEY_UISupportedInterfaceOrientations_iPhone = "UIInterfaceOrientationPortrait UIInterfaceOrientationLandscapeLeft UIInterfaceOrientationLandscapeRight";
				LD_RUNPATH_SEARCH_PATHS = (
					"$(inherited)",
					"@executable_path/Frameworks",
				);
				MARKETING_VERSION = 1.0.0;
				PRODUCT_BUNDLE_IDENTIFIER = com.jordankoch.SceneFixer;
				PRODUCT_NAME = "$(TARGET_NAME)";
				SUPPORTED_PLATFORMS = "iphoneos iphonesimulator";
				SUPPORTS_MACCATALYST = NO;
				SWIFT_EMIT_LOC_STRINGS = YES;
				SWIFT_VERSION = 5.0;
				TARGETED_DEVICE_FAMILY = "1,2";
			};
			name = Release;
		};
/* End XCBuildConfiguration section */

/* Begin XCConfigurationList section */
		F10000A10000000100000A01 /* Build configuration list for PBXProject "SceneFixer" */ = {
			isa = XCConfigurationList;
			buildConfigurations = (
				F10000B00000000100000B00 /* Debug */,
				F10000B10000000100000B01 /* Release */,
			);
			defaultConfigurationIsVisible = 0;
			defaultConfigurationName = Release;
		};
		F10000910000000100000091 /* Build configuration list for PBXNativeTarget "SceneFixer" */ = {
			isa = XCConfigurationList;
			buildConfigurations = (
				F10000B20000000100000B02 /* Debug */,
				F10000B30000000100000B03 /* Release */,
			);
			defaultConfigurationIsVisible = 0;
			defaultConfigurationName = Release;
		};
/* End XCConfigurationList section */
	};
	rootObject = F10000A00000000100000A00 /* Project object */;
}
